{
  "returncode" : 0,
  "stdout" : "\/\/ !$*UTF8*$!\n{\n\tarchiveVersion = 1;\n\tclasses = {\n\t};\n\tobjectVersion = 56;\n\tobjects = {\n\t\t\/* Begin PBXBuildFile section *\/\n\t\tA11111111111111111111111 \/* FlipperFAPApp.swift in Sources *\/ = {isa = PBXBuildFile; fileRef = A22222222222222222222222 \/* FlipperFAPApp.swift *\/; };\n\t\tA33333333333333333333333 \/* ContentView.swift in Sources *\/ = {isa = PBXBuildFile; fileRef = A44444444444444444444444 \/* ContentView.swift *\/; };\n\t\t\/* End PBXBuildFile section *\/\n\n\t\t\/* Begin PBXFileReference section *\/\n\t\tA00000000000000000000000 \/* FlipperFAP.app *\/ = {isa = PBXFileReference; explicitFileType = wrapper.application; includeInIndex = 0; path = FlipperFAP.app; sourceTree = BUILT_PRODUCTS_DIR; };\n\t\tA22222222222222222222222 \/* FlipperFAPApp.swift *\/ = {isa = PBXFileReference; lastKnownFileType = sourcecode.swift; path = FlipperFAPApp.swift; sourceTree = \"<group>\"; };\n\t\tA44444444444444444444444 \/* ContentView.swift *\/ = {isa = PBXFileReference; lastKnownFileType = sourcecode.swift; path = ContentView.swift; sourceTree = \"<group>\"; };\n\t\tA55555555555555555555555 \/* Info.plist *\/ = {isa = PBXFileReference; lastKnownFileType = text.plist.xml; path = Info.plist; sourceTree = \"<group>\"; };\n\t\t\/* End PBXFileReference section *\/\n\n\t\t\/* Begin PBXFrameworksBuildPhase section *\/\n\t\tA66666666666666666666666 \/* Frameworks *\/ = {\n\t\t\tisa = PBXFrameworksBuildPhase;\n\t\t\tbuildActionMask = 2147483647;\n\t\t\tfiles = (\n\t\t\t);\n\t\t\trunOnlyForDeploymentPostprocessing = 0;\n\t\t};\n\t\t\/* End PBXFrameworksBuildPhase section *\/\n\n\t\t\/* Begin PBXGroup section *\/\n\t\tA77777777777777777777777 = {\n\t\t\tisa = PBXGroup;\n\t\t\tchildren = (\n\t\t\t\tA88888888888888888888888 \/* FlipperFAP *\/,\n\t\t\t\tA99999999999999999999999 \/* Products *\/,\n\t\t\t);\n\t\t\tsourceTree = \"<group>\";\n\t\t};\n\t\tA99999999999999999999999 \/* Products *\/ = {\n\t\t\tisa = PBXGroup;\n\t\t\tchildren = (\n\t\t\t\tA00000000000000000000000 \/* FlipperFAP.app *\/,\n\t\t\t);\n\t\t\tname = Products;\n\t\t\tsourceTree = \"<group>\";\n\t\t};\n\t\tA88888888888888888888888 \/* FlipperFAP *\/ = {\n\t\t\tisa = PBXGroup;\n\t\t\tchildren = (\n\t\t\t\tA22222222222222222222222 \/* FlipperFAPApp.swift *\/,\n\t\t\t\tA44444444444444444444444 \/* ContentView.swift *\/,\n\t\t\t\tA55555555555555555555555 \/* Info.plist *\/,\n\t\t\t);\n\t\t\tpath = FlipperFAP;\n\t\t\tsourceTree = \"<group>\";\n\t\t};\n\t\t\/* End PBXGroup section *\/\n\n\t\t\/* Begin PBXNativeTarget section *\/\n\t\tAAAAAAAAAAAAAAAAAAAAAAAAAA \/* FlipperFAP *\/ = {\n\t\t\tisa = PBXNativeTarget;\n\t\t\tbuildConfigurationList = ABBBBBBBBBBBBBBBBBBBBBBBBB \/* Build configuration list for PBXNativeTarget \"FlipperFAP\" *\/;\n\t\t\tbuildPhases = (\n\t\t\t\tACCCCCCCCCCCCCCCCCCCCCCCCC \/* Sources *\/,\n\t\t\t\tA66666666666666666666666 \/* Frameworks *\/,\n\t\t\t\tADDDDDDDDDDDDDDDDDDDDDDDDD \/* Resources *\/,\n\t\t\t);\n\t\t\tbuildRules = (\n\t\t\t);\n\t\t\tdependencies = (\n\t\t\t);\n\t\t\tname = FlipperFAP;\n\t\t\tproductName = FlipperFAP;\n\t\t\tproductReference = A00000000000000000000000 \/* FlipperFAP.app *\/;\n\t\t\tproductType = \"com.apple.product-type.application\";\n\t\t};\n\t\t\/* End PBXNativeTarget section *\/\n\n\t\t\/* Begin PBXProject section *\/\n\t\tAEEEEEEEEEEEEEEEEEEEEEEEEE \/* Project object *\/ = {\n\t\t\tisa = PBXProject;\n\t\t\tattributes = {\n\t\t\t\tBuildIndependentTargetsInParallel = 1;\n\t\t\t\tLastSwiftUpdateCheck = 1500;\n\t\t\t\tLastUpgradeCheck = 1500;\n\t\t\t\tTargetAttributes = {\n\t\t\t\t\tAAAAAAAAAAAAAAAAAAAAAAAAAA = {\n\t\t\t\t\t\tCreatedOnToolsVersion = 15.0;\n\t\t\t\t\t};\n\t\t\t\t};\n\t\t\t};\n\t\t\tbuildConfigurationList = AFFFFFFFFFFFFFFFFFFFFFFFFFFF \/* Build configuration list for PBXProject \"FlipperFAP\" *\/;\n\t\t\tcompatibilityVersion = \"Xcode 14.0\";\n\t\t\tdevelopmentRegion = en;\n\t\t\thasScannedForEncodings = 0;\n\t\t\tknownRegions = (\n\t\t\t\ten,\n\t\t\t\tBase,\n\t\t\t);\n\t\t\tmainGroup = A77777777777777777777777;\n\t\t\tproductRefGroup = A99999999999999999999999 \/* Products *\/;\n\t\t\tprojectDirPath = \"\";\n\t\t\tprojectRoot = \"\";\n\t\t\ttargets = (\n\t\t\t\tAAAAAAAAAAAAAAAAAAAAAAAAAA \/* FlipperFAP *\/,\n\t\t\t);\n\t\t};\n\t\t\/* End PBXProject section *\/\n\n\t\t\/* Begin PBXResourcesBuildPhase section *\/\n\t\tADDDDDDDDDDDDDDDDDDDDDDDDD \/* Resources *\/ = {\n\t\t\tisa = PBXResourcesBuildPhase;\n\t\t\tbuildActionMask = 2147483647;\n\t\t\tfiles = (\n\t\t\t);\n\t\t\trunOnlyForDeploymentPostprocessing = 0;\n\t\t};\n\t\t\/* End PBXResourcesBuildPhase section *\/\n\n\t\t\/* Begin PBXSourcesBuildPhase section *\/\n\t\tACCCCCCCCCCCCCCCCCCCCCCCCC \/* Sources *\/ = {\n\t\t\tisa = PBXSourcesBuildPhase;\n\t\t\tbuildActionMask = 2147483647;\n\t\t\tfiles = (\n\t\t\t\tA33333333333333333333333 \/* ContentView.swift in Sources *\/,\n\t\t\t\tA11111111111111111111111 \/* FlipperFAPApp.swift in Sources *\/,\n\t\t\t);\n\t\t\trunOnlyForDeploymentPostprocessing = 0;\n\t\t};\n\t\t\/* End PBXSourcesBuildPhase section *\/\n\n\t\t\/* Begin XCBuildConfiguration section *\/\n\t\tAB00000000000000000000001 \/* Debug *\/ = {\n\t\t\tisa = XCBuildConfiguration;\n\t\t\tbuildSettings = {\n\t\t\t\tALWAYS_SEARCH_USER_PATHS = NO;\n\t\t\t\tASSETCATALOG_COMPILER_GENERATE_SWIFT_ASSET_SYMBOL_EXTENSIONS = YES;\n\t\t\t\tCLANG_ANALYZER_NONNULL = YES;\n\t\t\t\tCLANG_ANALYZER_NUMBER_OBJECT_CONVERSION = YES_AGGRESSIVE;\n\t\t\t\tCLANG_CXX_LANGUAGE_STANDARD = \"gnu++20\";\n\t\t\t\tCLANG_ENABLE_MODULES = YES;\n\t\t\t\tCLANG_ENABLE_OBJC_ARC = YES;\n\t\t\t\tCLANG_ENABLE_OBJC_WEAK = YES;\n\t\t\t\tCLANG_WARN_BLOCK_CAPTURE_AUTORELEASING = YES;\n\t\t\t\tCLANG_WARN_BOOL_CONVERSION = YES;\n\t\t\t\tCLANG_WARN_COMMA = YES;\n\t\t\t\tCLANG_WARN_CONSTANT_CONVERSION = YES;\n\t\t\t\tCLANG_WARN_DEPRECATED_OBJC_IMPLEMENTATIONS = YES;\n\t\t\t\tCLANG_WARN_DIRECT_OBJC_ISA_USAGE = YES_ERROR;\n\t\t\t\tCLANG_WARN_DOCUMENTATION_COMMENTS = YES;\n\t\t\t\tCLANG_WARN_EMPTY_BODY = YES;\n\t\t\t\tCLANG_WARN_ENUM_CONVERSION = YES;\n\t\t\t\tCLANG_WARN_INFINITE_RECURSION = YES;\n\t\t\t\tCLANG_WARN_INT_CONVERSION = YES;\n\t\t\t\tCLANG_WARN_NON_LITERAL_NULL_CONVERSION = YES;\n\t\t\t\tCLANG_WARN_OBJC_IMPLICIT_RETAIN_CYCLE = YES;\n\t\t\t\tCLANG_WARN_OBJC_LITERAL_CONVERSION = YES;\n\t\t\t\tCLANG_WARN_OBJC_ROOT_CLASS = YES_ERROR;\n\t\t\t\tCLANG_WARN_QUOTED_INCLUDE_IN_FRAMEWORK_HEADER = YES;\n\t\t\t\tCLANG_WARN_RANGE_LOOP_ANALYSIS = YES;\n\t\t\t\tCLANG_WARN_STRICT_PROTOTYPES = YES;\n\t\t\t\tCLANG_WARN_SUSPICIOUS_MOVE = YES;\n\t\t\t\tCLANG_WARN_UNINITIALIZED = YES;\n\t\t\t\tCLANG_WARN_UNREACHABLE_CODE = YES;\n\t\t\t\tCLANG_WARN__DUPLICATE_METHOD_MATCH = YES;\n\t\t\t\tCOPY_PHASE_STRIP = NO;\n\t\t\t\tDEBUG_INFORMATION_FORMAT = dwarf;\n\t\t\t\tENABLE_STRICT_OBJC_MSGSEND = YES;\n\t\t\t\tENABLE_TESTABILITY = YES;\n\t\t\t\tENABLE_USER_SCRIPT_SANDBOXING = YES;\n\t\t\t\tGCC_C_LANGUAGE_STANDARD = gnu17;\n\t\t\t\tGCC_DYNAMIC_NO_PIC = NO;\n\t\t\t\tGCC_NO_COMMON_BLOCKS = YES;\n\t\t\t\tGCC_OPTIMIZATION_LEVEL = 0;\n\t\t\t\tGCC_PREPROCESSOR_DEFINITIONS = (\n\t\t\t\t\t\"DEBUG=1\",\n\t\t\t\t\t\"$(inherited)\",\n\t\t\t\t);\n\t\t\t\tGCC_WARN_64_TO_32_BIT_CONVERSION = YES;\n\t\t\t\tGCC_WARN_ABOUT_RETURN_TYPE = YES_ERROR;\n\t\t\t\tGCC_WARN_UNDECLARED_SELECTOR = YES;\n\t\t\t\tGCC_WARN_UNINITIALIZED_AUTOS = YES_AGGRESSIVE;\n\t\t\t\tGCC_WARN_UNUSED_FUNCTION = YES;\n\t\t\t\tGCC_WARN_UNUSED_VARIABLE = YES;\n\t\t\t\tIPHONEOS_DEPLOYMENT_TARGET = 16.0;\n\t\t\t\tMTL_ENABLE_DEBUG_INFO = INCLUDE_SOURCE;\n\t\t\t\tMTL_FAST_MATH = YES;\n\t\t\t\tONLY_ACTIVE_ARCH = YES;\n\t\t\t\tSDKROOT = iphoneos;\n\t\t\t\tSWIFT_ACTIVE_COMPILATION_CONDITIONS = \"DEBUG $(inherited)\";\n\t\t\t\tSWIFT_OPTIMIZATION_LEVEL = \"-Onone\";\n\t\t\t};\n\t\t\tname = Debug;\n\t\t};\n\t\tAB00000000000000000000002 \/* Release *\/ = {\n\t\t\tisa = XCBuildConfiguration;\n\t\t\tbuildSettings = {\n\t\t\t\tALWAYS_SEARCH_USER_PATHS = NO;\n\t\t\t\tASSETCATALOG_COMPILER_GENERATE_SWIFT_ASSET_SYMBOL_EXTENSIONS = YES;\n\t\t\t\tCLANG_ANALYZER_NONNULL = YES;\n\t\t\t\tCLANG_ANALYZER_NUMBER_OBJECT_CONVERSION = YES_AGGRESSIVE;\n\t\t\t\tCLANG_CXX_LANGUAGE_STANDARD = \"gnu++20\";\n\t\t\t\tCLANG_ENABLE_MODULES = YES;\n\t\t\t\tCLANG_ENABLE_OBJC_ARC = YES;\n\t\t\t\tCLANG_ENABLE_OBJC_WEAK = YES;\n\t\t\t\tCLANG_WARN_BLOCK_CAPTURE_AUTORELEASING = YES;\n\t\t\t\tCLANG_WARN_BOOL_CONVERSION = YES;\n\t\t\t\tCLANG_WARN_COMMA = YES;\n\t\t\t\tCLANG_WARN_CONSTANT_CONVERSION = YES;\n\t\t\t\tCLANG_WARN_DEPRECATED_OBJC_IMPLEMENTATIONS = YES;\n\t\t\t\tCLANG_WARN_DIRECT_OBJC_ISA_USAGE = YES_ERROR;\n\t\t\t\tCLANG_WARN_DOCUMENTATION_COMMENTS = YES;\n\t\t\t\tCLANG_WARN_EMPTY_BODY = YES;\n\t\t\t\tCLANG_WARN_ENUM_CONVERSION = YES;\n\t\t\t\tCLANG_WARN_INFINITE_RECURSION = YES;\n\t\t\t\tCLANG_WARN_INT_CONVERSION = YES;\n\t\t\t\tCLANG_WARN_NON_LITERAL_NULL_CONVERSION = YES;\n\t\t\t\tCLANG_WARN_OBJC_IMPLICIT_RETAIN_CYCLE = YES;\n\t\t\t\tCLANG_WARN_OBJC_LITERAL_CONVERSION = YES;\n\t\t\t\tCLANG_WARN_OBJC_ROOT_CLASS = YES_ERROR;\n\t\t\t\tCLANG_WARN_QUOTED_INCLUDE_IN_FRAMEWORK_HEADER = YES;\n\t\t\t\tCLANG_WARN_RANGE_LOOP_ANALYSIS = YES;\n\t\t\t\tCLANG_WARN_STRICT_PROTOTYPES = YES;\n\t\t\t\tCLANG_WARN_SUSPICIOUS_MOVE = YES;\n\t\t\t\tCLANG_WARN_UNINITIALIZED = YES;\n\t\t\t\tCLANG_WARN_UNREACHABLE_CODE = YES;\n\t\t\t\tCLANG_WARN__DUPLICATE_METHOD_MATCH = YES;\n\t\t\t\tCOPY_PHASE_STRIP = NO;\n\t\t\t\tDEBUG_INFORMATION_FORMAT = \"dwarf-with-dsym\";\n\t\t\t\tENABLE_NS_ASSERTIONS = NO;\n\t\t\t\tENABLE_STRICT_OBJC_MSGSEND = YES;\n\t\t\t\tENABLE_USER_SCRIPT_SANDBOXING = YES;\n\t\t\t\tGCC_C_LANGUAGE_STANDARD = gnu17;\n\t\t\t\tGCC_NO_COMMON_BLOCKS = YES;\n\t\t\t\tGCC_WARN_64_TO_32_BIT_CONVERSION = YES;\n\t\t\t\tGCC_WARN_ABOUT_RETURN_TYPE = YES_ERROR;\n\t\t\t\tGCC_WARN_UNDECLARED_SELECTOR = YES;\n\t\t\t\tGCC_WARN_UNINITIALIZED_AUTOS = YES_AGGRESSIVE;\n\t\t\t\tGCC_WARN_UNUSED_FUNCTION = YES;\n\t\t\t\tGCC_WARN_UNUSED_VARIABLE = YES;\n\t\t\t\tIPHONEOS_DEPLOYMENT_TARGET = 16.0;\n\t\t\t\tMTL_FAST_MATH = YES;\n\t\t\t\tSDKROOT = iphoneos;\n\t\t\t\tSWIFT_COMPILATION_MODE = wholemodule;\n\t\t\t\tVALIDATE_PRODUCT = YES;\n\t\t\t};\n\t\t\tname = Release;\n\t\t};\n\t\tABBBBBBBBBBBBBBBBBBBBBBBBB \/* Build configuration list for PBXNativeTarget \"FlipperFAP\" *\/ = {\n\t\t\tisa = XCConfigurationList;\n\t\t\tbuildConfigurations = (\n\t\t\t\tAC00000000000000000000001 \/* Debug *\/,\n\t\t\t\tAC00000000000000000000002 \/* Release *\/,\n\t\t\t);\n\t\t\tdefaultConfigurationIsVisible = 0;\n\t\t\tdefaultConfigurationName = Release;\n\t\t};\n\t\tAC00000000000000000000001 \/* Debug *\/ = {\n\t\t\tisa = XCBuildConfiguration;\n\t\t\tbuildSettings = {\n\t\t\t\tASSETCATALOG_COMPILER_APPICON_NAME = AppIcon;\n\t\t\t\tASSETCATALOG_COMPILER_GLOBAL_ACCENT_COLOR_NAME = AccentColor;\n\t\t\t\tCODE_SIGN_STYLE = Automatic;\n\t\t\t\tCURRENT_PROJECT_VERSION = 1;\n\t\t\t\tDEVELOPMENT_ASSET_PATHS = \"\";\n\t\t\t\tENABLE_PREVIEWS = YES;\n\t\t\t\tGENERATE_INFOPLIST_FILE = NO;\n\t\t\t\tINFOPLIST_FILE = FlipperFAP\/Info.plist;\n\t\t\t\tIPHONEOS_DEPLOYMENT_TARGET = 16.0;\n\t\t\t\tLD_RUNPATH_SEARCH_PATHS = (\n\t\t\t\t\t\"$(inherited)\",\n\t\t\t\t\t\"@executable_path\/Frameworks\",\n\t\t\t\t);\n\t\t\t\tMARKETING_VERSION = 1.0;\n\t\t\t\tPRODUCT_BUNDLE_IDENTIFIER = com.joelewis.FlipperFAP;\n\t\t\t\tPRODUCT_NAME = \"$(TARGET_NAME)\";\n\t\t\t\tSWIFT_EMIT_LOC_STRINGS = YES;\n\t\t\t\tSWIFT_VERSION = 5.0;\n\t\t\t\tTARGETED_DEVICE_FAMILY = \"1,2\";\n\t\t\t};\n\t\t\tname = Debug;\n\t\t};\n\t\tAC00000000000000000000002 \/* Release *\/ = {\n\t\t\tisa = XCBuildConfiguration;\n\t\t\tbuildSettings = {\n\t\t\t\tASSETCATALOG_COMPILER_APPICON_NAME = AppIcon;\n\t\t\t\tASSETCATALOG_COMPILER_GLOBAL_ACCENT_COLOR_NAME = AccentColor;\n\t\t\t\tCODE_SIGN_STYLE = Automatic;\n\t\t\t\tCURRENT_PROJECT_VERSION = 1;\n\t\t\t\tDEVELOPMENT_ASSET_PATHS = \"\";\n\t\t\t\tENABLE_PREVIEWS = YES;\n\t\t\t\tGENERATE_INFOPLIST_FILE = NO;\n\t\t\t\tINFOPLIST_FILE = FlipperFAP\/Info.plist;\n\t\t\t\tIPHONEOS_DEPLOYMENT_TARGET = 16.0;\n\t\t\t\tLD_RUNPATH_SEARCH_PATHS = (\n\t\t\t\t\t\"$(inherited)\",\n\t\t\t\t\t\"@executable_path\/Frameworks\",\n\t\t\t\t);\n\t\t\t\tMARKETING_VERSION = 1.0;\n\t\t\t\tPRODUCT_BUNDLE_IDENTIFIER = com.joelewis.FlipperFAP;\n\t\t\t\tPRODUCT_NAME = \"$(TARGET_NAME)\";\n\t\t\t\tSWIFT_EMIT_LOC_STRINGS = YES;\n\t\t\t\tSWIFT_VERSION = 5.0;\n\t\t\t\tTARGETED_DEVICE_FAMILY = \"1,2\";\n\t\t\t};\n\t\t\tname = Release;\n\t\t};\n\t\tAFFFFFFFFFFFFFFFFFFFFFFFFFFF \/* Build configuration list for PBXProject \"FlipperFAP\" *\/ = {\n\t\t\tisa = XCConfigurationList;\n\t\t\tbuildConfigurations = (\n\t\t\t\tAB00000000000000000000001 \/* Debug *\/,\n\t\t\t\tAB00000000000000000000002 \/* Release *\/,\n\t\t\t);\n\t\t\tdefaultConfigurationIsVisible = 0;\n\t\t\tdefaultConfigurationName = Release;\n\t\t};\n\t\t\/* End XCBuildConfiguration section *\/\n\t};\n\trootObject = AEEEEEEEEEEEEEEEEEEEEEEEEE \/* Project object *\/;\n}\n",
  "stderr" : ""
}
